# This file was autogenerated by Stack.
# You should not edit this file by hand.
# For more information, please see the documentation at:
#   https://docs.haskellstack.org/en/stable/lock_files

packages: []
snapshots:
- completed:
    size: 543564
    url: https://raw.githubusercontent.com/commercialhaskell/stackage-snapshots/master/nightly/2020/10/30.yaml
    sha256: 190e5d978b5edfd3cc36ceac7c862905776d08ee9ba8967b5d39367870c86cdb
  original:
    url: https://raw.githubusercontent.com/commercialhaskell/stackage-snapshots/master/nightly/2020/10/30.yaml
